
Microsoft Visual Studio Solution File, Format Version 12.00
# Visual Studio Version 16
Project("{2150E333-8FDC-42A3-9474-1A3956D46DE8}") = "CMakePredefinedTargets", "CMakePredefinedTargets", "{D72905DC-256F-3897-9062-DE2E3259C61E}"
EndProject
Project("{2150E333-8FDC-42A3-9474-1A3956D46DE8}") = "External", "External", "{8378E975-134C-3372-82C7-2BE9AAD13669}"
EndProject
Project("{2150E333-8FDC-42A3-9474-1A3956D46DE8}") = "Internal", "Internal", "{6AEE6814-35AA-33A5-8C72-FF175F640E38}"
EndProject
Project("{8BC9CEB8-8B4A-11D0-8D11-00A0C91BC942}") = "ALL_BUILD", "ALL_BUILD.vcxproj", "{FA21932C-19D1-3DE4-B62B-670410D26024}"
	ProjectSection(ProjectDependencies) = postProject
		{CCC79DE5-C129-3BCB-8047-D83CF08E9640} = {CCC79DE5-C129-3BCB-8047-D83CF08E9640}
		{058F3EE0-62CA-3DC0-BEFF-10CCC3E72771} = {058F3EE0-62CA-3DC0-BEFF-10CCC3E72771}
		{EB3CE425-C6F9-39EC-908A-C43E167B71C9} = {EB3CE425-C6F9-39EC-908A-C43E167B71C9}
		{A52D83B5-1684-3BCD-A10D-A0EFDDBA9C93} = {A52D83B5-1684-3BCD-A10D-A0EFDDBA9C93}
		{EF4E18E7-1E71-38C3-BB86-4F355ED4715D} = {EF4E18E7-1E71-38C3-BB86-4F355ED4715D}
		{90C40728-8164-3C8C-95DA-5A7F084D5752} = {90C40728-8164-3C8C-95DA-5A7F084D5752}
		{6F969664-2C69-3AE7-8D6E-FA2B42E2A426} = {6F969664-2C69-3AE7-8D6E-FA2B42E2A426}
		{39424D63-88BA-39E5-89E0-BBD7DA8190C5} = {39424D63-88BA-39E5-89E0-BBD7DA8190C5}
		{C558887D-94AA-3B64-A5DE-3BD3BA56CFF6} = {C558887D-94AA-3B64-A5DE-3BD3BA56CFF6}
		{B6CE6907-8E53-33B0-BBFB-40FCD06AFDE4} = {B6CE6907-8E53-33B0-BBFB-40FCD06AFDE4}
		{1452F67F-CE18-333C-AEF8-AFB97729FC57} = {1452F67F-CE18-333C-AEF8-AFB97729FC57}
		{CF4D97FC-438E-380F-99E1-BA3AD37F0A2F} = {CF4D97FC-438E-380F-99E1-BA3AD37F0A2F}
		{AE5A5EDD-F8E0-3F72-885E-5A42AC57E1FD} = {AE5A5EDD-F8E0-3F72-885E-5A42AC57E1FD}
	EndProjectSection
EndProject
Project("{8BC9CEB8-8B4A-11D0-8D11-00A0C91BC942}") = "ZERO_CHECK", "..\..\..\\ZERO_CHECK.vcxproj", "{CCC79DE5-C129-3BCB-8047-D83CF08E9640}"
	ProjectSection(ProjectDependencies) = postProject
	EndProjectSection
EndProject
Project("{8BC9CEB8-8B4A-11D0-8D11-00A0C91BC942}") = "cocos2d", "cocos2d.vcxproj", "{058F3EE0-62CA-3DC0-BEFF-10CCC3E72771}"
	ProjectSection(ProjectDependencies) = postProject
		{CCC79DE5-C129-3BCB-8047-D83CF08E9640} = {CCC79DE5-C129-3BCB-8047-D83CF08E9640}
		{EB3CE425-C6F9-39EC-908A-C43E167B71C9} = {EB3CE425-C6F9-39EC-908A-C43E167B71C9}
		{A52D83B5-1684-3BCD-A10D-A0EFDDBA9C93} = {A52D83B5-1684-3BCD-A10D-A0EFDDBA9C93}
		{EF4E18E7-1E71-38C3-BB86-4F355ED4715D} = {EF4E18E7-1E71-38C3-BB86-4F355ED4715D}
		{90C40728-8164-3C8C-95DA-5A7F084D5752} = {90C40728-8164-3C8C-95DA-5A7F084D5752}
		{6F969664-2C69-3AE7-8D6E-FA2B42E2A426} = {6F969664-2C69-3AE7-8D6E-FA2B42E2A426}
		{39424D63-88BA-39E5-89E0-BBD7DA8190C5} = {39424D63-88BA-39E5-89E0-BBD7DA8190C5}
		{C558887D-94AA-3B64-A5DE-3BD3BA56CFF6} = {C558887D-94AA-3B64-A5DE-3BD3BA56CFF6}
		{B6CE6907-8E53-33B0-BBFB-40FCD06AFDE4} = {B6CE6907-8E53-33B0-BBFB-40FCD06AFDE4}
		{1452F67F-CE18-333C-AEF8-AFB97729FC57} = {1452F67F-CE18-333C-AEF8-AFB97729FC57}
		{CF4D97FC-438E-380F-99E1-BA3AD37F0A2F} = {CF4D97FC-438E-380F-99E1-BA3AD37F0A2F}
		{AE5A5EDD-F8E0-3F72-885E-5A42AC57E1FD} = {AE5A5EDD-F8E0-3F72-885E-5A42AC57E1FD}
	EndProjectSection
EndProject
Project("{8BC9CEB8-8B4A-11D0-8D11-00A0C91BC942}") = "ext_clipper", "..\..\external\clipper\ext_clipper.vcxproj", "{EB3CE425-C6F9-39EC-908A-C43E167B71C9}"
	ProjectSection(ProjectDependencies) = postProject
		{CCC79DE5-C129-3BCB-8047-D83CF08E9640} = {CCC79DE5-C129-3BCB-8047-D83CF08E9640}
	EndProjectSection
EndProject
Project("{8BC9CEB8-8B4A-11D0-8D11-00A0C91BC942}") = "ext_convertUTF", "..\..\external\ConvertUTF\ext_convertUTF.vcxproj", "{A52D83B5-1684-3BCD-A10D-A0EFDDBA9C93}"
	ProjectSection(ProjectDependencies) = postProject
		{CCC79DE5-C129-3BCB-8047-D83CF08E9640} = {CCC79DE5-C129-3BCB-8047-D83CF08E9640}
	EndProjectSection
EndProject
Project("{8BC9CEB8-8B4A-11D0-8D11-00A0C91BC942}") = "ext_edtaa3func", "..\..\external\edtaa3func\ext_edtaa3func.vcxproj", "{EF4E18E7-1E71-38C3-BB86-4F355ED4715D}"
	ProjectSection(ProjectDependencies) = postProject
		{CCC79DE5-C129-3BCB-8047-D83CF08E9640} = {CCC79DE5-C129-3BCB-8047-D83CF08E9640}
	EndProjectSection
EndProject
Project("{8BC9CEB8-8B4A-11D0-8D11-00A0C91BC942}") = "ext_md5", "..\..\external\md5\ext_md5.vcxproj", "{90C40728-8164-3C8C-95DA-5A7F084D5752}"
	ProjectSection(ProjectDependencies) = postProject
		{CCC79DE5-C129-3BCB-8047-D83CF08E9640} = {CCC79DE5-C129-3BCB-8047-D83CF08E9640}
	EndProjectSection
EndProject
Project("{8BC9CEB8-8B4A-11D0-8D11-00A0C91BC942}") = "ext_poly2tri", "..\..\external\poly2tri\ext_poly2tri.vcxproj", "{6F969664-2C69-3AE7-8D6E-FA2B42E2A426}"
	ProjectSection(ProjectDependencies) = postProject
		{CCC79DE5-C129-3BCB-8047-D83CF08E9640} = {CCC79DE5-C129-3BCB-8047-D83CF08E9640}
	EndProjectSection
EndProject
Project("{8BC9CEB8-8B4A-11D0-8D11-00A0C91BC942}") = "ext_recast", "..\..\external\recast\ext_recast.vcxproj", "{39424D63-88BA-39E5-89E0-BBD7DA8190C5}"
	ProjectSection(ProjectDependencies) = postProject
		{CCC79DE5-C129-3BCB-8047-D83CF08E9640} = {CCC79DE5-C129-3BCB-8047-D83CF08E9640}
	EndProjectSection
EndProject
Project("{8BC9CEB8-8B4A-11D0-8D11-00A0C91BC942}") = "ext_tinyxml2", "..\..\external\tinyxml2\ext_tinyxml2.vcxproj", "{C558887D-94AA-3B64-A5DE-3BD3BA56CFF6}"
	ProjectSection(ProjectDependencies) = postProject
		{CCC79DE5-C129-3BCB-8047-D83CF08E9640} = {CCC79DE5-C129-3BCB-8047-D83CF08E9640}
	EndProjectSection
EndProject
Project("{8BC9CEB8-8B4A-11D0-8D11-00A0C91BC942}") = "ext_unzip", "..\..\external\unzip\ext_unzip.vcxproj", "{B6CE6907-8E53-33B0-BBFB-40FCD06AFDE4}"
	ProjectSection(ProjectDependencies) = postProject
		{CCC79DE5-C129-3BCB-8047-D83CF08E9640} = {CCC79DE5-C129-3BCB-8047-D83CF08E9640}
	EndProjectSection
EndProject
Project("{8BC9CEB8-8B4A-11D0-8D11-00A0C91BC942}") = "ext_xxhash", "..\..\external\xxhash\ext_xxhash.vcxproj", "{1452F67F-CE18-333C-AEF8-AFB97729FC57}"
	ProjectSection(ProjectDependencies) = postProject
		{CCC79DE5-C129-3BCB-8047-D83CF08E9640} = {CCC79DE5-C129-3BCB-8047-D83CF08E9640}
	EndProjectSection
EndProject
Project("{8BC9CEB8-8B4A-11D0-8D11-00A0C91BC942}") = "ext_xxtea", "..\..\external\xxtea\ext_xxtea.vcxproj", "{CF4D97FC-438E-380F-99E1-BA3AD37F0A2F}"
	ProjectSection(ProjectDependencies) = postProject
		{CCC79DE5-C129-3BCB-8047-D83CF08E9640} = {CCC79DE5-C129-3BCB-8047-D83CF08E9640}
	EndProjectSection
EndProject
Project("{8BC9CEB8-8B4A-11D0-8D11-00A0C91BC942}") = "external", "..\..\external\external.vcxproj", "{AE5A5EDD-F8E0-3F72-885E-5A42AC57E1FD}"
	ProjectSection(ProjectDependencies) = postProject
		{CCC79DE5-C129-3BCB-8047-D83CF08E9640} = {CCC79DE5-C129-3BCB-8047-D83CF08E9640}
		{EB3CE425-C6F9-39EC-908A-C43E167B71C9} = {EB3CE425-C6F9-39EC-908A-C43E167B71C9}
		{A52D83B5-1684-3BCD-A10D-A0EFDDBA9C93} = {A52D83B5-1684-3BCD-A10D-A0EFDDBA9C93}
		{EF4E18E7-1E71-38C3-BB86-4F355ED4715D} = {EF4E18E7-1E71-38C3-BB86-4F355ED4715D}
		{90C40728-8164-3C8C-95DA-5A7F084D5752} = {90C40728-8164-3C8C-95DA-5A7F084D5752}
		{6F969664-2C69-3AE7-8D6E-FA2B42E2A426} = {6F969664-2C69-3AE7-8D6E-FA2B42E2A426}
		{39424D63-88BA-39E5-89E0-BBD7DA8190C5} = {39424D63-88BA-39E5-89E0-BBD7DA8190C5}
		{C558887D-94AA-3B64-A5DE-3BD3BA56CFF6} = {C558887D-94AA-3B64-A5DE-3BD3BA56CFF6}
		{B6CE6907-8E53-33B0-BBFB-40FCD06AFDE4} = {B6CE6907-8E53-33B0-BBFB-40FCD06AFDE4}
		{1452F67F-CE18-333C-AEF8-AFB97729FC57} = {1452F67F-CE18-333C-AEF8-AFB97729FC57}
		{CF4D97FC-438E-380F-99E1-BA3AD37F0A2F} = {CF4D97FC-438E-380F-99E1-BA3AD37F0A2F}
	EndProjectSection
EndProject
Global
	GlobalSection(SolutionConfigurationPlatforms) = preSolution
		Debug|win32 = Debug|win32
		Release|win32 = Release|win32
		MinSizeRel|win32 = MinSizeRel|win32
		RelWithDebInfo|win32 = RelWithDebInfo|win32
	EndGlobalSection
	GlobalSection(ProjectConfigurationPlatforms) = postSolution
		{FA21932C-19D1-3DE4-B62B-670410D26024}.Debug|win32.ActiveCfg = Debug|win32
		{FA21932C-19D1-3DE4-B62B-670410D26024}.Release|win32.ActiveCfg = Release|win32
		{FA21932C-19D1-3DE4-B62B-670410D26024}.MinSizeRel|win32.ActiveCfg = MinSizeRel|win32
		{FA21932C-19D1-3DE4-B62B-670410D26024}.RelWithDebInfo|win32.ActiveCfg = RelWithDebInfo|win32
		{CCC79DE5-C129-3BCB-8047-D83CF08E9640}.Debug|win32.ActiveCfg = Debug|win32
		{CCC79DE5-C129-3BCB-8047-D83CF08E9640}.Debug|win32.Build.0 = Debug|win32
		{CCC79DE5-C129-3BCB-8047-D83CF08E9640}.Release|win32.ActiveCfg = Release|win32
		{CCC79DE5-C129-3BCB-8047-D83CF08E9640}.Release|win32.Build.0 = Release|win32
		{CCC79DE5-C129-3BCB-8047-D83CF08E9640}.MinSizeRel|win32.ActiveCfg = MinSizeRel|win32
		{CCC79DE5-C129-3BCB-8047-D83CF08E9640}.MinSizeRel|win32.Build.0 = MinSizeRel|win32
		{CCC79DE5-C129-3BCB-8047-D83CF08E9640}.RelWithDebInfo|win32.ActiveCfg = RelWithDebInfo|win32
		{CCC79DE5-C129-3BCB-8047-D83CF08E9640}.RelWithDebInfo|win32.Build.0 = RelWithDebInfo|win32
		{058F3EE0-62CA-3DC0-BEFF-10CCC3E72771}.Debug|win32.ActiveCfg = Debug|win32
		{058F3EE0-62CA-3DC0-BEFF-10CCC3E72771}.Debug|win32.Build.0 = Debug|win32
		{058F3EE0-62CA-3DC0-BEFF-10CCC3E72771}.Release|win32.ActiveCfg = Release|win32
		{058F3EE0-62CA-3DC0-BEFF-10CCC3E72771}.Release|win32.Build.0 = Release|win32
		{058F3EE0-62CA-3DC0-BEFF-10CCC3E72771}.MinSizeRel|win32.ActiveCfg = MinSizeRel|win32
		{058F3EE0-62CA-3DC0-BEFF-10CCC3E72771}.MinSizeRel|win32.Build.0 = MinSizeRel|win32
		{058F3EE0-62CA-3DC0-BEFF-10CCC3E72771}.RelWithDebInfo|win32.ActiveCfg = RelWithDebInfo|win32
		{058F3EE0-62CA-3DC0-BEFF-10CCC3E72771}.RelWithDebInfo|win32.Build.0 = RelWithDebInfo|win32
		{EB3CE425-C6F9-39EC-908A-C43E167B71C9}.Debug|win32.ActiveCfg = Debug|win32
		{EB3CE425-C6F9-39EC-908A-C43E167B71C9}.Debug|win32.Build.0 = Debug|win32
		{EB3CE425-C6F9-39EC-908A-C43E167B71C9}.Release|win32.ActiveCfg = Release|win32
		{EB3CE425-C6F9-39EC-908A-C43E167B71C9}.Release|win32.Build.0 = Release|win32
		{EB3CE425-C6F9-39EC-908A-C43E167B71C9}.MinSizeRel|win32.ActiveCfg = MinSizeRel|win32
		{EB3CE425-C6F9-39EC-908A-C43E167B71C9}.MinSizeRel|win32.Build.0 = MinSizeRel|win32
		{EB3CE425-C6F9-39EC-908A-C43E167B71C9}.RelWithDebInfo|win32.ActiveCfg = RelWithDebInfo|win32
		{EB3CE425-C6F9-39EC-908A-C43E167B71C9}.RelWithDebInfo|win32.Build.0 = RelWithDebInfo|win32
		{A52D83B5-1684-3BCD-A10D-A0EFDDBA9C93}.Debug|win32.ActiveCfg = Debug|win32
		{A52D83B5-1684-3BCD-A10D-A0EFDDBA9C93}.Debug|win32.Build.0 = Debug|win32
		{A52D83B5-1684-3BCD-A10D-A0EFDDBA9C93}.Release|win32.ActiveCfg = Release|win32
		{A52D83B5-1684-3BCD-A10D-A0EFDDBA9C93}.Release|win32.Build.0 = Release|win32
		{A52D83B5-1684-3BCD-A10D-A0EFDDBA9C93}.MinSizeRel|win32.ActiveCfg = MinSizeRel|win32
		{A52D83B5-1684-3BCD-A10D-A0EFDDBA9C93}.MinSizeRel|win32.Build.0 = MinSizeRel|win32
		{A52D83B5-1684-3BCD-A10D-A0EFDDBA9C93}.RelWithDebInfo|win32.ActiveCfg = RelWithDebInfo|win32
		{A52D83B5-1684-3BCD-A10D-A0EFDDBA9C93}.RelWithDebInfo|win32.Build.0 = RelWithDebInfo|win32
		{EF4E18E7-1E71-38C3-BB86-4F355ED4715D}.Debug|win32.ActiveCfg = Debug|win32
		{EF4E18E7-1E71-38C3-BB86-4F355ED4715D}.Debug|win32.Build.0 = Debug|win32
		{EF4E18E7-1E71-38C3-BB86-4F355ED4715D}.Release|win32.ActiveCfg = Release|win32
		{EF4E18E7-1E71-38C3-BB86-4F355ED4715D}.Release|win32.Build.0 = Release|win32
		{EF4E18E7-1E71-38C3-BB86-4F355ED4715D}.MinSizeRel|win32.ActiveCfg = MinSizeRel|win32
		{EF4E18E7-1E71-38C3-BB86-4F355ED4715D}.MinSizeRel|win32.Build.0 = MinSizeRel|win32
		{EF4E18E7-1E71-38C3-BB86-4F355ED4715D}.RelWithDebInfo|win32.ActiveCfg = RelWithDebInfo|win32
		{EF4E18E7-1E71-38C3-BB86-4F355ED4715D}.RelWithDebInfo|win32.Build.0 = RelWithDebInfo|win32
		{90C40728-8164-3C8C-95DA-5A7F084D5752}.Debug|win32.ActiveCfg = Debug|win32
		{90C40728-8164-3C8C-95DA-5A7F084D5752}.Debug|win32.Build.0 = Debug|win32
		{90C40728-8164-3C8C-95DA-5A7F084D5752}.Release|win32.ActiveCfg = Release|win32
		{90C40728-8164-3C8C-95DA-5A7F084D5752}.Release|win32.Build.0 = Release|win32
		{90C40728-8164-3C8C-95DA-5A7F084D5752}.MinSizeRel|win32.ActiveCfg = MinSizeRel|win32
		{90C40728-8164-3C8C-95DA-5A7F084D5752}.MinSizeRel|win32.Build.0 = MinSizeRel|win32
		{90C40728-8164-3C8C-95DA-5A7F084D5752}.RelWithDebInfo|win32.ActiveCfg = RelWithDebInfo|win32
		{90C40728-8164-3C8C-95DA-5A7F084D5752}.RelWithDebInfo|win32.Build.0 = RelWithDebInfo|win32
		{6F969664-2C69-3AE7-8D6E-FA2B42E2A426}.Debug|win32.ActiveCfg = Debug|win32
		{6F969664-2C69-3AE7-8D6E-FA2B42E2A426}.Debug|win32.Build.0 = Debug|win32
		{6F969664-2C69-3AE7-8D6E-FA2B42E2A426}.Release|win32.ActiveCfg = Release|win32
		{6F969664-2C69-3AE7-8D6E-FA2B42E2A426}.Release|win32.Build.0 = Release|win32
		{6F969664-2C69-3AE7-8D6E-FA2B42E2A426}.MinSizeRel|win32.ActiveCfg = MinSizeRel|win32
		{6F969664-2C69-3AE7-8D6E-FA2B42E2A426}.MinSizeRel|win32.Build.0 = MinSizeRel|win32
		{6F969664-2C69-3AE7-8D6E-FA2B42E2A426}.RelWithDebInfo|win32.ActiveCfg = RelWithDebInfo|win32
		{6F969664-2C69-3AE7-8D6E-FA2B42E2A426}.RelWithDebInfo|win32.Build.0 = RelWithDebInfo|win32
		{39424D63-88BA-39E5-89E0-BBD7DA8190C5}.Debug|win32.ActiveCfg = Debug|win32
		{39424D63-88BA-39E5-89E0-BBD7DA8190C5}.Debug|win32.Build.0 = Debug|win32
		{39424D63-88BA-39E5-89E0-BBD7DA8190C5}.Release|win32.ActiveCfg = Release|win32
		{39424D63-88BA-39E5-89E0-BBD7DA8190C5}.Release|win32.Build.0 = Release|win32
		{39424D63-88BA-39E5-89E0-BBD7DA8190C5}.MinSizeRel|win32.ActiveCfg = MinSizeRel|win32
		{39424D63-88BA-39E5-89E0-BBD7DA8190C5}.MinSizeRel|win32.Build.0 = MinSizeRel|win32
		{39424D63-88BA-39E5-89E0-BBD7DA8190C5}.RelWithDebInfo|win32.ActiveCfg = RelWithDebInfo|win32
		{39424D63-88BA-39E5-89E0-BBD7DA8190C5}.RelWithDebInfo|win32.Build.0 = RelWithDebInfo|win32
		{C558887D-94AA-3B64-A5DE-3BD3BA56CFF6}.Debug|win32.ActiveCfg = Debug|win32
		{C558887D-94AA-3B64-A5DE-3BD3BA56CFF6}.Debug|win32.Build.0 = Debug|win32
		{C558887D-94AA-3B64-A5DE-3BD3BA56CFF6}.Release|win32.ActiveCfg = Release|win32
		{C558887D-94AA-3B64-A5DE-3BD3BA56CFF6}.Release|win32.Build.0 = Release|win32
		{C558887D-94AA-3B64-A5DE-3BD3BA56CFF6}.MinSizeRel|win32.ActiveCfg = MinSizeRel|win32
		{C558887D-94AA-3B64-A5DE-3BD3BA56CFF6}.MinSizeRel|win32.Build.0 = MinSizeRel|win32
		{C558887D-94AA-3B64-A5DE-3BD3BA56CFF6}.RelWithDebInfo|win32.ActiveCfg = RelWithDebInfo|win32
		{C558887D-94AA-3B64-A5DE-3BD3BA56CFF6}.RelWithDebInfo|win32.Build.0 = RelWithDebInfo|win32
		{B6CE6907-8E53-33B0-BBFB-40FCD06AFDE4}.Debug|win32.ActiveCfg = Debug|win32
		{B6CE6907-8E53-33B0-BBFB-40FCD06AFDE4}.Debug|win32.Build.0 = Debug|win32
		{B6CE6907-8E53-33B0-BBFB-40FCD06AFDE4}.Release|win32.ActiveCfg = Release|win32
		{B6CE6907-8E53-33B0-BBFB-40FCD06AFDE4}.Release|win32.Build.0 = Release|win32
		{B6CE6907-8E53-33B0-BBFB-40FCD06AFDE4}.MinSizeRel|win32.ActiveCfg = MinSizeRel|win32
		{B6CE6907-8E53-33B0-BBFB-40FCD06AFDE4}.MinSizeRel|win32.Build.0 = MinSizeRel|win32
		{B6CE6907-8E53-33B0-BBFB-40FCD06AFDE4}.RelWithDebInfo|win32.ActiveCfg = RelWithDebInfo|win32
		{B6CE6907-8E53-33B0-BBFB-40FCD06AFDE4}.RelWithDebInfo|win32.Build.0 = RelWithDebInfo|win32
		{1452F67F-CE18-333C-AEF8-AFB97729FC57}.Debug|win32.ActiveCfg = Debug|win32
		{1452F67F-CE18-333C-AEF8-AFB97729FC57}.Debug|win32.Build.0 = Debug|win32
		{1452F67F-CE18-333C-AEF8-AFB97729FC57}.Release|win32.ActiveCfg = Release|win32
		{1452F67F-CE18-333C-AEF8-AFB97729FC57}.Release|win32.Build.0 = Release|win32
		{1452F67F-CE18-333C-AEF8-AFB97729FC57}.MinSizeRel|win32.ActiveCfg = MinSizeRel|win32
		{1452F67F-CE18-333C-AEF8-AFB97729FC57}.MinSizeRel|win32.Build.0 = MinSizeRel|win32
		{1452F67F-CE18-333C-AEF8-AFB97729FC57}.RelWithDebInfo|win32.ActiveCfg = RelWithDebInfo|win32
		{1452F67F-CE18-333C-AEF8-AFB97729FC57}.RelWithDebInfo|win32.Build.0 = RelWithDebInfo|win32
		{CF4D97FC-438E-380F-99E1-BA3AD37F0A2F}.Debug|win32.ActiveCfg = Debug|win32
		{CF4D97FC-438E-380F-99E1-BA3AD37F0A2F}.Debug|win32.Build.0 = Debug|win32
		{CF4D97FC-438E-380F-99E1-BA3AD37F0A2F}.Release|win32.ActiveCfg = Release|win32
		{CF4D97FC-438E-380F-99E1-BA3AD37F0A2F}.Release|win32.Build.0 = Release|win32
		{CF4D97FC-438E-380F-99E1-BA3AD37F0A2F}.MinSizeRel|win32.ActiveCfg = MinSizeRel|win32
		{CF4D97FC-438E-380F-99E1-BA3AD37F0A2F}.MinSizeRel|win32.Build.0 = MinSizeRel|win32
		{CF4D97FC-438E-380F-99E1-BA3AD37F0A2F}.RelWithDebInfo|win32.ActiveCfg = RelWithDebInfo|win32
		{CF4D97FC-438E-380F-99E1-BA3AD37F0A2F}.RelWithDebInfo|win32.Build.0 = RelWithDebInfo|win32
		{AE5A5EDD-F8E0-3F72-885E-5A42AC57E1FD}.Debug|win32.ActiveCfg = Debug|win32
		{AE5A5EDD-F8E0-3F72-885E-5A42AC57E1FD}.Debug|win32.Build.0 = Debug|win32
		{AE5A5EDD-F8E0-3F72-885E-5A42AC57E1FD}.Release|win32.ActiveCfg = Release|win32
		{AE5A5EDD-F8E0-3F72-885E-5A42AC57E1FD}.Release|win32.Build.0 = Release|win32
		{AE5A5EDD-F8E0-3F72-885E-5A42AC57E1FD}.MinSizeRel|win32.ActiveCfg = MinSizeRel|win32
		{AE5A5EDD-F8E0-3F72-885E-5A42AC57E1FD}.MinSizeRel|win32.Build.0 = MinSizeRel|win32
		{AE5A5EDD-F8E0-3F72-885E-5A42AC57E1FD}.RelWithDebInfo|win32.ActiveCfg = RelWithDebInfo|win32
		{AE5A5EDD-F8E0-3F72-885E-5A42AC57E1FD}.RelWithDebInfo|win32.Build.0 = RelWithDebInfo|win32
	EndGlobalSection
	GlobalSection(NestedProjects) = preSolution
		{FA21932C-19D1-3DE4-B62B-670410D26024} = {D72905DC-256F-3897-9062-DE2E3259C61E}
		{CCC79DE5-C129-3BCB-8047-D83CF08E9640} = {D72905DC-256F-3897-9062-DE2E3259C61E}
		{EB3CE425-C6F9-39EC-908A-C43E167B71C9} = {8378E975-134C-3372-82C7-2BE9AAD13669}
		{A52D83B5-1684-3BCD-A10D-A0EFDDBA9C93} = {8378E975-134C-3372-82C7-2BE9AAD13669}
		{EF4E18E7-1E71-38C3-BB86-4F355ED4715D} = {8378E975-134C-3372-82C7-2BE9AAD13669}
		{90C40728-8164-3C8C-95DA-5A7F084D5752} = {8378E975-134C-3372-82C7-2BE9AAD13669}
		{6F969664-2C69-3AE7-8D6E-FA2B42E2A426} = {8378E975-134C-3372-82C7-2BE9AAD13669}
		{39424D63-88BA-39E5-89E0-BBD7DA8190C5} = {8378E975-134C-3372-82C7-2BE9AAD13669}
		{C558887D-94AA-3B64-A5DE-3BD3BA56CFF6} = {8378E975-134C-3372-82C7-2BE9AAD13669}
		{B6CE6907-8E53-33B0-BBFB-40FCD06AFDE4} = {8378E975-134C-3372-82C7-2BE9AAD13669}
		{1452F67F-CE18-333C-AEF8-AFB97729FC57} = {8378E975-134C-3372-82C7-2BE9AAD13669}
		{CF4D97FC-438E-380F-99E1-BA3AD37F0A2F} = {8378E975-134C-3372-82C7-2BE9AAD13669}
		{AE5A5EDD-F8E0-3F72-885E-5A42AC57E1FD} = {8378E975-134C-3372-82C7-2BE9AAD13669}
		{058F3EE0-62CA-3DC0-BEFF-10CCC3E72771} = {6AEE6814-35AA-33A5-8C72-FF175F640E38}
	EndGlobalSection
	GlobalSection(ExtensibilityGlobals) = postSolution
		SolutionGuid = {93620C81-70C1-38D5-AC37-3D411440B929}
	EndGlobalSection
	GlobalSection(ExtensibilityAddIns) = postSolution
	EndGlobalSection
EndGlobal
